
Microsoft Visual Studio Solution File, Format Version 12.00
Project("{FAE04EC0-301F-11D3-BF4B-00C04F79EFBC}") = "PlatformsService", "PlatformsService\PlatformsService.csproj", "{B6EE409F-4928-4B3A-A887-3131BD60220A}"
EndProject
Project("{FAE04EC0-301F-11D3-BF4B-00C04F79EFBC}") = "CommandsService", "CommandsService\CommandsService.csproj", "{8C3EB4A5-E90B-4C24-A6F0-D4DA9F8F4766}"
EndProject
Global
	GlobalSection(SolutionConfigurationPlatforms) = preSolution
		Debug|Any CPU = Debug|Any CPU
		Release|Any CPU = Release|Any CPU
	EndGlobalSection
	GlobalSection(ProjectConfigurationPlatforms) = postSolution
		{B6EE409F-4928-4B3A-A887-3131BD60220A}.Debug|Any CPU.ActiveCfg = Debug|Any CPU
		{B6EE409F-4928-4B3A-A887-3131BD60220A}.Debug|Any CPU.Build.0 = Debug|Any CPU
		{B6EE409F-4928-4B3A-A887-3131BD60220A}.Release|Any CPU.ActiveCfg = Release|Any CPU
		{B6EE409F-4928-4B3A-A887-3131BD60220A}.Release|Any CPU.Build.0 = Release|Any CPU
		{8C3EB4A5-E90B-4C24-A6F0-D4DA9F8F4766}.Debug|Any CPU.ActiveCfg = Debug|Any CPU
		{8C3EB4A5-E90B-4C24-A6F0-D4DA9F8F4766}.Debug|Any CPU.Build.0 = Debug|Any CPU
		{8C3EB4A5-E90B-4C24-A6F0-D4DA9F8F4766}.Release|Any CPU.ActiveCfg = Release|Any CPU
		{8C3EB4A5-E90B-4C24-A6F0-D4DA9F8F4766}.Release|Any CPU.Build.0 = Release|Any CPU
	EndGlobalSection
EndGlobal
